
Microsoft Visual Studio Solution File, Format Version 12.00
# Visual Studio Version 16
VisualStudioVersion = 16.0.33214.272
MinimumVisualStudioVersion = 10.0.40219.1
Project("{00D1A9C2-B5F0-4AF3-8072-F6C62B433612}") = "UFT_IMB_MNI", "UFT_IMB_MNI.sqlproj", "{6E678A8B-F2E7-40C3-AA7A-CED9B4406CFA}"
EndProject
Global
	GlobalSection(SolutionConfigurationPlatforms) = preSolution
		Debug|Any CPU = Debug|Any CPU
		Release|Any CPU = Release|Any CPU
	EndGlobalSection
	GlobalSection(ProjectConfigurationPlatforms) = postSolution
		{6E678A8B-F2E7-40C3-AA7A-CED9B4406CFA}.Debug|Any CPU.ActiveCfg = Debug|Any CPU
		{6E678A8B-F2E7-40C3-AA7A-CED9B4406CFA}.Debug|Any CPU.Build.0 = Debug|Any CPU
		{6E678A8B-F2E7-40C3-AA7A-CED9B4406CFA}.Debug|Any CPU.Deploy.0 = Debug|Any CPU
		{6E678A8B-F2E7-40C3-AA7A-CED9B4406CFA}.Release|Any CPU.ActiveCfg = Release|Any CPU
		{6E678A8B-F2E7-40C3-AA7A-CED9B4406CFA}.Release|Any CPU.Build.0 = Release|Any CPU
		{6E678A8B-F2E7-40C3-AA7A-CED9B4406CFA}.Release|Any CPU.Deploy.0 = Release|Any CPU
	EndGlobalSection
	GlobalSection(SolutionProperties) = preSolution
		HideSolutionNode = FALSE
	EndGlobalSection
	GlobalSection(ExtensibilityGlobals) = postSolution
		SolutionGuid = {F77022A4-E2E0-465C-BF34-3ACAAD921136}
	EndGlobalSection
EndGlobal
